github.com/bmatcuk/doublestar/v4 v4.6.0 h1:HTuxyug8GyFbRkrffIpzNCSK4luc0TY3wzXvzIZhEXc=
github.com/bmatcuk/doublestar/v4 v4.6.0/go.mod h1:xBQ8jztBU6kakFMg+8WGxn0c6z1fTSPVIjEY1Wr7jzc=
golang.org/x/sync v0.3.0 h1:ftCYgMx6zT/asHUrPw8BLLscYtGznsLAnjq5RH9P66E=
golang.org/x/sync v0.3.0/go.mod h1:FU7BRWz2tNW+3quACPkgCx/L+uEAv1htQ0V83Z9Rj+Y=
